
Microsoft Visual Studio Solution File, Format Version 12.00
# Visual Studio 15
VisualStudioVersion = 15.0.28010.2016
MinimumVisualStudioVersion = 10.0.40219.1
Project("{9A19103F-16F7-4668-BE54-9A1E7A4F7556}") = "GTHFenixConfiguracion", "GTHFenixConfiguracion\GTHFenixConfiguracion.csproj", "{9317641B-2303-4C49-B4A9-68554C901320}"
EndProject
Project("{9A19103F-16F7-4668-BE54-9A1E7A4F7556}") = "Entidades", "Entidades\Entidades.csproj", "{52940910-E06F-450C-AD64-FC92CF8D84AB}"
EndProject
Project("{FAE04EC0-301F-11D3-BF4B-00C04F79EFBC}") = "Enumerables", "Enumerables\Enumerables.csproj", "{D52F5D44-C95F-4366-A32F-E27003C452EC}"
EndProject
Global
	GlobalSection(SolutionConfigurationPlatforms) = preSolution
		Debug|Any CPU = Debug|Any CPU
		Release|Any CPU = Release|Any CPU
	EndGlobalSection
	GlobalSection(ProjectConfigurationPlatforms) = postSolution
		{9317641B-2303-4C49-B4A9-68554C901320}.Debug|Any CPU.ActiveCfg = Debug|Any CPU
		{9317641B-2303-4C49-B4A9-68554C901320}.Debug|Any CPU.Build.0 = Debug|Any CPU
		{9317641B-2303-4C49-B4A9-68554C901320}.Release|Any CPU.ActiveCfg = Release|Any CPU
		{9317641B-2303-4C49-B4A9-68554C901320}.Release|Any CPU.Build.0 = Release|Any CPU
		{52940910-E06F-450C-AD64-FC92CF8D84AB}.Debug|Any CPU.ActiveCfg = Debug|Any CPU
		{52940910-E06F-450C-AD64-FC92CF8D84AB}.Debug|Any CPU.Build.0 = Debug|Any CPU
		{52940910-E06F-450C-AD64-FC92CF8D84AB}.Release|Any CPU.ActiveCfg = Release|Any CPU
		{52940910-E06F-450C-AD64-FC92CF8D84AB}.Release|Any CPU.Build.0 = Release|Any CPU
		{D52F5D44-C95F-4366-A32F-E27003C452EC}.Debug|Any CPU.ActiveCfg = Debug|Any CPU
		{D52F5D44-C95F-4366-A32F-E27003C452EC}.Debug|Any CPU.Build.0 = Debug|Any CPU
		{D52F5D44-C95F-4366-A32F-E27003C452EC}.Release|Any CPU.ActiveCfg = Release|Any CPU
		{D52F5D44-C95F-4366-A32F-E27003C452EC}.Release|Any CPU.Build.0 = Release|Any CPU
	EndGlobalSection
	GlobalSection(SolutionProperties) = preSolution
		HideSolutionNode = FALSE
	EndGlobalSection
	GlobalSection(ExtensibilityGlobals) = postSolution
		SolutionGuid = {FDFAF4FC-3711-45E4-ADD6-D66B6E87681C}
	EndGlobalSection
EndGlobal
